
Microsoft Visual Studio Solution File, Format Version 12.00
# Visual Studio Version 17
VisualStudioVersion = 17.4.33403.182
MinimumVisualStudioVersion = 10.0.40219.1
Project("{8BC9CEB8-8B4A-11D0-8D11-00A0C91BC942}") = "Variables", "Variables\Variables.vcxproj", "{C9690032-3E4C-46F2-9A58-797180B606DE}"
EndProject
Project("{8BC9CEB8-8B4A-11D0-8D11-00A0C91BC942}") = "Functions", "Functions\Functions.vcxproj", "{DD83CE07-2721-425D-9BB6-8C71AE25524D}"
EndProject
Project("{8BC9CEB8-8B4A-11D0-8D11-00A0C91BC942}") = "HeaderFiles", "HeaderFiles\HeaderFiles.vcxproj", "{2EAB4CC6-3420-4845-B5E6-3788DDA3A166}"
EndProject
Project("{8BC9CEB8-8B4A-11D0-8D11-00A0C91BC942}") = "Conditions", "Conditions\Conditions.vcxproj", "{1D02A27E-E8B2-464A-A03F-2AEE177F1D48}"
EndProject
Project("{8BC9CEB8-8B4A-11D0-8D11-00A0C91BC942}") = "ProjectSetup", "ProjectSetup\ProjectSetup.vcxproj", "{4502245C-3B0F-4F57-A760-66B4C340CB9A}"
EndProject
Project("{8BC9CEB8-8B4A-11D0-8D11-00A0C91BC942}") = "Loops", "Loops\Loops.vcxproj", "{E16A5C59-AD75-4688-8813-56906D6C6B62}"
EndProject
Project("{8BC9CEB8-8B4A-11D0-8D11-00A0C91BC942}") = "ControlFlow", "ControlFlow\ControlFlow.vcxproj", "{C7E62AA2-E59E-4218-895D-F5BB8EBA54D3}"
EndProject
Project("{8BC9CEB8-8B4A-11D0-8D11-00A0C91BC942}") = "Pointers", "Pointers\Pointers.vcxproj", "{F1687D8B-87E3-4D87-8B31-B2E7646AC179}"
EndProject
Project("{8BC9CEB8-8B4A-11D0-8D11-00A0C91BC942}") = "References", "References\References.vcxproj", "{A09C6DB4-75DA-49C4-A549-A7D7AE5B50F5}"
EndProject
Project("{8BC9CEB8-8B4A-11D0-8D11-00A0C91BC942}") = "Classes", "Classes\Classes.vcxproj", "{B7E3E303-46FB-4F62-8E48-0F550411A6C0}"
EndProject
Project("{8BC9CEB8-8B4A-11D0-8D11-00A0C91BC942}") = "Classes 2", "Classes 2\Classes 2.vcxproj", "{06756313-1031-43F5-9496-1C48A10AFD53}"
EndProject
Project("{8BC9CEB8-8B4A-11D0-8D11-00A0C91BC942}") = "Classes 3", "Classes 3\Classes 3.vcxproj", "{298ECB87-145D-4AAE-8613-89D0BF6F608E}"
EndProject
Project("{8BC9CEB8-8B4A-11D0-8D11-00A0C91BC942}") = "Classes 4", "Classes 4\Classes 4.vcxproj", "{6401D4E5-59FC-488C-8A7F-8F83ED3E800F}"
EndProject
Project("{8BC9CEB8-8B4A-11D0-8D11-00A0C91BC942}") = "Enums", "Enums\Enums.vcxproj", "{3BE0FB7B-B9E6-485A-AE24-D0A654722FBE}"
EndProject
Project("{8BC9CEB8-8B4A-11D0-8D11-00A0C91BC942}") = "Constructors", "Constructors\Constructors.vcxproj", "{AA55E0C4-B7D6-46C8-80B0-87A668B35C9B}"
EndProject
Project("{8BC9CEB8-8B4A-11D0-8D11-00A0C91BC942}") = "Destructors", "Destructors\Destructors.vcxproj", "{B1EB6C04-CEFD-48C0-9D6F-BD64AFFFD909}"
EndProject
Project("{8BC9CEB8-8B4A-11D0-8D11-00A0C91BC942}") = "Inheritance", "Inheritance\Inheritance.vcxproj", "{0AAE276E-2DF2-4362-BBD2-AEF35A17AA86}"
EndProject
Project("{8BC9CEB8-8B4A-11D0-8D11-00A0C91BC942}") = "VirtualFunctions", "VirtualFunctions\VirtualFunctions.vcxproj", "{82CD443B-4621-45D5-82AC-BB3380C4F769}"
EndProject
Project("{8BC9CEB8-8B4A-11D0-8D11-00A0C91BC942}") = "Interfaces", "Interfaces\Interfaces.vcxproj", "{2D069A92-FA45-482C-8B6A-710D1D659249}"
EndProject
Project("{8BC9CEB8-8B4A-11D0-8D11-00A0C91BC942}") = "Visibility", "Visibility\Visibility.vcxproj", "{A99FB85A-3007-443D-91E2-C046C5481EE9}"
EndProject
Project("{8BC9CEB8-8B4A-11D0-8D11-00A0C91BC942}") = "Arrays", "Arrays\Arrays.vcxproj", "{D1225FF2-C284-4B2F-A78A-7B3055FEEF56}"
EndProject
Project("{8BC9CEB8-8B4A-11D0-8D11-00A0C91BC942}") = "Strings", "Strings\Strings.vcxproj", "{4B32D807-964F-471D-8DE4-D5AC5E03CA82}"
EndProject
Project("{8BC9CEB8-8B4A-11D0-8D11-00A0C91BC942}") = "String Literals", "String Literals\String Literals.vcxproj", "{40667C5D-570B-436C-8F03-F624EC06BA8A}"
EndProject
Project("{8BC9CEB8-8B4A-11D0-8D11-00A0C91BC942}") = "Constants", "Constants\Constants.vcxproj", "{8ED1BB79-0966-4E4C-9511-926E7654A30F}"
EndProject
Project("{8BC9CEB8-8B4A-11D0-8D11-00A0C91BC942}") = "Mutable", "Mutable\Mutable.vcxproj", "{FE4595FC-E41F-468D-8C37-8F62DC86F1F9}"
EndProject
Project("{8BC9CEB8-8B4A-11D0-8D11-00A0C91BC942}") = "ConstructorInitializerList", "ConstructorInitializerList\ConstructorInitializerList.vcxproj", "{1B1FE296-3A37-4D7B-84A5-89A290FAD127}"
EndProject
Project("{8BC9CEB8-8B4A-11D0-8D11-00A0C91BC942}") = "TernaryOperators", "TernaryOperators\TernaryOperators.vcxproj", "{193FF060-B5F8-49D1-A740-47AB689BB9B4}"
EndProject
Project("{8BC9CEB8-8B4A-11D0-8D11-00A0C91BC942}") = "Objects", "Objects\Objects.vcxproj", "{82A1101E-6E4C-406C-A979-30A4AA56C50A}"
EndProject
Project("{8BC9CEB8-8B4A-11D0-8D11-00A0C91BC942}") = "NewKeyword", "NewKeyword\NewKeyword.vcxproj", "{1B404965-F62A-4909-8F0D-43D973B868AD}"
EndProject
Project("{8BC9CEB8-8B4A-11D0-8D11-00A0C91BC942}") = "Explicit", "Explicit\Explicit.vcxproj", "{40B1C0A4-001C-46A0-A5B9-69497FC6136F}"
EndProject
Project("{8BC9CEB8-8B4A-11D0-8D11-00A0C91BC942}") = "Operators", "Operators\Operators.vcxproj", "{D1B04C38-90C1-43A8-B380-036AEA6F1368}"
EndProject
Project("{8BC9CEB8-8B4A-11D0-8D11-00A0C91BC942}") = "This", "This\This.vcxproj", "{80683B04-DE6F-4C55-A67D-2684B1D5B739}"
EndProject
Project("{8BC9CEB8-8B4A-11D0-8D11-00A0C91BC942}") = "ObjectLifetime", "ObjectLifetime\ObjectLifetime.vcxproj", "{F0F827E5-21CA-4662-8A38-BFAD15C074B8}"
EndProject
Project("{8BC9CEB8-8B4A-11D0-8D11-00A0C91BC942}") = "SmartPointers", "SmartPointers\SmartPointers.vcxproj", "{31CEB947-5F68-494C-8823-6A868EDD5733}"
EndProject
Project("{8BC9CEB8-8B4A-11D0-8D11-00A0C91BC942}") = "Copy", "Copy\Copy.vcxproj", "{35A203BC-FCF3-40CF-BD4D-1628E48155D1}"
EndProject
Project("{8BC9CEB8-8B4A-11D0-8D11-00A0C91BC942}") = "Arrow", "Arrow\Arrow.vcxproj", "{DD9CDB48-8149-46A9-A660-452A35CE658E}"
EndProject
Project("{8BC9CEB8-8B4A-11D0-8D11-00A0C91BC942}") = "Arrow 2", "Arrow 2\Arrow 2.vcxproj", "{3BBC74B5-AEF7-41C7-A07E-786F97158085}"
EndProject
Global
	GlobalSection(SolutionConfigurationPlatforms) = preSolution
		Debug|x64 = Debug|x64
		Debug|x86 = Debug|x86
		Release|x64 = Release|x64
		Release|x86 = Release|x86
	EndGlobalSection
	GlobalSection(ProjectConfigurationPlatforms) = postSolution
		{C9690032-3E4C-46F2-9A58-797180B606DE}.Debug|x64.ActiveCfg = Debug|x64
		{C9690032-3E4C-46F2-9A58-797180B606DE}.Debug|x64.Build.0 = Debug|x64
		{C9690032-3E4C-46F2-9A58-797180B606DE}.Debug|x86.ActiveCfg = Debug|Win32
		{C9690032-3E4C-46F2-9A58-797180B606DE}.Debug|x86.Build.0 = Debug|Win32
		{C9690032-3E4C-46F2-9A58-797180B606DE}.Release|x64.ActiveCfg = Release|x64
		{C9690032-3E4C-46F2-9A58-797180B606DE}.Release|x64.Build.0 = Release|x64
		{C9690032-3E4C-46F2-9A58-797180B606DE}.Release|x86.ActiveCfg = Release|Win32
		{C9690032-3E4C-46F2-9A58-797180B606DE}.Release|x86.Build.0 = Release|Win32
		{DD83CE07-2721-425D-9BB6-8C71AE25524D}.Debug|x64.ActiveCfg = Debug|x64
		{DD83CE07-2721-425D-9BB6-8C71AE25524D}.Debug|x64.Build.0 = Debug|x64
		{DD83CE07-2721-425D-9BB6-8C71AE25524D}.Debug|x86.ActiveCfg = Debug|Win32
		{DD83CE07-2721-425D-9BB6-8C71AE25524D}.Debug|x86.Build.0 = Debug|Win32
		{DD83CE07-2721-425D-9BB6-8C71AE25524D}.Release|x64.ActiveCfg = Release|x64
		{DD83CE07-2721-425D-9BB6-8C71AE25524D}.Release|x64.Build.0 = Release|x64
		{DD83CE07-2721-425D-9BB6-8C71AE25524D}.Release|x86.ActiveCfg = Release|Win32
		{DD83CE07-2721-425D-9BB6-8C71AE25524D}.Release|x86.Build.0 = Release|Win32
		{2EAB4CC6-3420-4845-B5E6-3788DDA3A166}.Debug|x64.ActiveCfg = Debug|x64
		{2EAB4CC6-3420-4845-B5E6-3788DDA3A166}.Debug|x64.Build.0 = Debug|x64
		{2EAB4CC6-3420-4845-B5E6-3788DDA3A166}.Debug|x86.ActiveCfg = Debug|Win32
		{2EAB4CC6-3420-4845-B5E6-3788DDA3A166}.Debug|x86.Build.0 = Debug|Win32
		{2EAB4CC6-3420-4845-B5E6-3788DDA3A166}.Release|x64.ActiveCfg = Release|x64
		{2EAB4CC6-3420-4845-B5E6-3788DDA3A166}.Release|x64.Build.0 = Release|x64
		{2EAB4CC6-3420-4845-B5E6-3788DDA3A166}.Release|x86.ActiveCfg = Release|Win32
		{2EAB4CC6-3420-4845-B5E6-3788DDA3A166}.Release|x86.Build.0 = Release|Win32
		{1D02A27E-E8B2-464A-A03F-2AEE177F1D48}.Debug|x64.ActiveCfg = Debug|x64
		{1D02A27E-E8B2-464A-A03F-2AEE177F1D48}.Debug|x64.Build.0 = Debug|x64
		{1D02A27E-E8B2-464A-A03F-2AEE177F1D48}.Debug|x86.ActiveCfg = Debug|Win32
		{1D02A27E-E8B2-464A-A03F-2AEE177F1D48}.Debug|x86.Build.0 = Debug|Win32
		{1D02A27E-E8B2-464A-A03F-2AEE177F1D48}.Release|x64.ActiveCfg = Release|x64
		{1D02A27E-E8B2-464A-A03F-2AEE177F1D48}.Release|x64.Build.0 = Release|x64
		{1D02A27E-E8B2-464A-A03F-2AEE177F1D48}.Release|x86.ActiveCfg = Release|Win32
		{1D02A27E-E8B2-464A-A03F-2AEE177F1D48}.Release|x86.Build.0 = Release|Win32
		{4502245C-3B0F-4F57-A760-66B4C340CB9A}.Debug|x64.ActiveCfg = Debug|x64
		{4502245C-3B0F-4F57-A760-66B4C340CB9A}.Debug|x64.Build.0 = Debug|x64
		{4502245C-3B0F-4F57-A760-66B4C340CB9A}.Debug|x86.ActiveCfg = Debug|Win32
		{4502245C-3B0F-4F57-A760-66B4C340CB9A}.Debug|x86.Build.0 = Debug|Win32
		{4502245C-3B0F-4F57-A760-66B4C340CB9A}.Release|x64.ActiveCfg = Release|x64
		{4502245C-3B0F-4F57-A760-66B4C340CB9A}.Release|x64.Build.0 = Release|x64
		{4502245C-3B0F-4F57-A760-66B4C340CB9A}.Release|x86.ActiveCfg = Release|Win32
		{4502245C-3B0F-4F57-A760-66B4C340CB9A}.Release|x86.Build.0 = Release|Win32
		{E16A5C59-AD75-4688-8813-56906D6C6B62}.Debug|x64.ActiveCfg = Debug|x64
		{E16A5C59-AD75-4688-8813-56906D6C6B62}.Debug|x64.Build.0 = Debug|x64
		{E16A5C59-AD75-4688-8813-56906D6C6B62}.Debug|x86.ActiveCfg = Debug|Win32
		{E16A5C59-AD75-4688-8813-56906D6C6B62}.Debug|x86.Build.0 = Debug|Win32
		{E16A5C59-AD75-4688-8813-56906D6C6B62}.Release|x64.ActiveCfg = Release|x64
		{E16A5C59-AD75-4688-8813-56906D6C6B62}.Release|x64.Build.0 = Release|x64
		{E16A5C59-AD75-4688-8813-56906D6C6B62}.Release|x86.ActiveCfg = Release|Win32
		{E16A5C59-AD75-4688-8813-56906D6C6B62}.Release|x86.Build.0 = Release|Win32
		{C7E62AA2-E59E-4218-895D-F5BB8EBA54D3}.Debug|x64.ActiveCfg = Debug|x64
		{C7E62AA2-E59E-4218-895D-F5BB8EBA54D3}.Debug|x64.Build.0 = Debug|x64
		{C7E62AA2-E59E-4218-895D-F5BB8EBA54D3}.Debug|x86.ActiveCfg = Debug|Win32
		{C7E62AA2-E59E-4218-895D-F5BB8EBA54D3}.Debug|x86.Build.0 = Debug|Win32
		{C7E62AA2-E59E-4218-895D-F5BB8EBA54D3}.Release|x64.ActiveCfg = Release|x64
		{C7E62AA2-E59E-4218-895D-F5BB8EBA54D3}.Release|x64.Build.0 = Release|x64
		{C7E62AA2-E59E-4218-895D-F5BB8EBA54D3}.Release|x86.ActiveCfg = Release|Win32
		{C7E62AA2-E59E-4218-895D-F5BB8EBA54D3}.Release|x86.Build.0 = Release|Win32
		{F1687D8B-87E3-4D87-8B31-B2E7646AC179}.Debug|x64.ActiveCfg = Debug|x64
		{F1687D8B-87E3-4D87-8B31-B2E7646AC179}.Debug|x64.Build.0 = Debug|x64
		{F1687D8B-87E3-4D87-8B31-B2E7646AC179}.Debug|x86.ActiveCfg = Debug|Win32
		{F1687D8B-87E3-4D87-8B31-B2E7646AC179}.Debug|x86.Build.0 = Debug|Win32
		{F1687D8B-87E3-4D87-8B31-B2E7646AC179}.Release|x64.ActiveCfg = Release|x64
		{F1687D8B-87E3-4D87-8B31-B2E7646AC179}.Release|x64.Build.0 = Release|x64
		{F1687D8B-87E3-4D87-8B31-B2E7646AC179}.Release|x86.ActiveCfg = Release|Win32
		{F1687D8B-87E3-4D87-8B31-B2E7646AC179}.Release|x86.Build.0 = Release|Win32
		{A09C6DB4-75DA-49C4-A549-A7D7AE5B50F5}.Debug|x64.ActiveCfg = Debug|x64
		{A09C6DB4-75DA-49C4-A549-A7D7AE5B50F5}.Debug|x64.Build.0 = Debug|x64
		{A09C6DB4-75DA-49C4-A549-A7D7AE5B50F5}.Debug|x86.ActiveCfg = Debug|Win32
		{A09C6DB4-75DA-49C4-A549-A7D7AE5B50F5}.Debug|x86.Build.0 = Debug|Win32
		{A09C6DB4-75DA-49C4-A549-A7D7AE5B50F5}.Release|x64.ActiveCfg = Release|x64
		{A09C6DB4-75DA-49C4-A549-A7D7AE5B50F5}.Release|x64.Build.0 = Release|x64
		{A09C6DB4-75DA-49C4-A549-A7D7AE5B50F5}.Release|x86.ActiveCfg = Release|Win32
		{A09C6DB4-75DA-49C4-A549-A7D7AE5B50F5}.Release|x86.Build.0 = Release|Win32
		{B7E3E303-46FB-4F62-8E48-0F550411A6C0}.Debug|x64.ActiveCfg = Debug|x64
		{B7E3E303-46FB-4F62-8E48-0F550411A6C0}.Debug|x64.Build.0 = Debug|x64
		{B7E3E303-46FB-4F62-8E48-0F550411A6C0}.Debug|x86.ActiveCfg = Debug|Win32
		{B7E3E303-46FB-4F62-8E48-0F550411A6C0}.Debug|x86.Build.0 = Debug|Win32
		{B7E3E303-46FB-4F62-8E48-0F550411A6C0}.Release|x64.ActiveCfg = Release|x64
		{B7E3E303-46FB-4F62-8E48-0F550411A6C0}.Release|x64.Build.0 = Release|x64
		{B7E3E303-46FB-4F62-8E48-0F550411A6C0}.Release|x86.ActiveCfg = Release|Win32
		{B7E3E303-46FB-4F62-8E48-0F550411A6C0}.Release|x86.Build.0 = Release|Win32
		{06756313-1031-43F5-9496-1C48A10AFD53}.Debug|x64.ActiveCfg = Debug|x64
		{06756313-1031-43F5-9496-1C48A10AFD53}.Debug|x64.Build.0 = Debug|x64
		{06756313-1031-43F5-9496-1C48A10AFD53}.Debug|x86.ActiveCfg = Debug|Win32
		{06756313-1031-43F5-9496-1C48A10AFD53}.Debug|x86.Build.0 = Debug|Win32
		{06756313-1031-43F5-9496-1C48A10AFD53}.Release|x64.ActiveCfg = Release|x64
		{06756313-1031-43F5-9496-1C48A10AFD53}.Release|x64.Build.0 = Release|x64
		{06756313-1031-43F5-9496-1C48A10AFD53}.Release|x86.ActiveCfg = Release|Win32
		{06756313-1031-43F5-9496-1C48A10AFD53}.Release|x86.Build.0 = Release|Win32
		{298ECB87-145D-4AAE-8613-89D0BF6F608E}.Debug|x64.ActiveCfg = Debug|x64
		{298ECB87-145D-4AAE-8613-89D0BF6F608E}.Debug|x64.Build.0 = Debug|x64
		{298ECB87-145D-4AAE-8613-89D0BF6F608E}.Debug|x86.ActiveCfg = Debug|Win32
		{298ECB87-145D-4AAE-8613-89D0BF6F608E}.Debug|x86.Build.0 = Debug|Win32
		{298ECB87-145D-4AAE-8613-89D0BF6F608E}.Release|x64.ActiveCfg = Release|x64
		{298ECB87-145D-4AAE-8613-89D0BF6F608E}.Release|x64.Build.0 = Release|x64
		{298ECB87-145D-4AAE-8613-89D0BF6F608E}.Release|x86.ActiveCfg = Release|Win32
		{298ECB87-145D-4AAE-8613-89D0BF6F608E}.Release|x86.Build.0 = Release|Win32
		{6401D4E5-59FC-488C-8A7F-8F83ED3E800F}.Debug|x64.ActiveCfg = Debug|x64
		{6401D4E5-59FC-488C-8A7F-8F83ED3E800F}.Debug|x64.Build.0 = Debug|x64
		{6401D4E5-59FC-488C-8A7F-8F83ED3E800F}.Debug|x86.ActiveCfg = Debug|Win32
		{6401D4E5-59FC-488C-8A7F-8F83ED3E800F}.Debug|x86.Build.0 = Debug|Win32
		{6401D4E5-59FC-488C-8A7F-8F83ED3E800F}.Release|x64.ActiveCfg = Release|x64
		{6401D4E5-59FC-488C-8A7F-8F83ED3E800F}.Release|x64.Build.0 = Release|x64
		{6401D4E5-59FC-488C-8A7F-8F83ED3E800F}.Release|x86.ActiveCfg = Release|Win32
		{6401D4E5-59FC-488C-8A7F-8F83ED3E800F}.Release|x86.Build.0 = Release|Win32
		{3BE0FB7B-B9E6-485A-AE24-D0A654722FBE}.Debug|x64.ActiveCfg = Debug|x64
		{3BE0FB7B-B9E6-485A-AE24-D0A654722FBE}.Debug|x64.Build.0 = Debug|x64
		{3BE0FB7B-B9E6-485A-AE24-D0A654722FBE}.Debug|x86.ActiveCfg = Debug|Win32
		{3BE0FB7B-B9E6-485A-AE24-D0A654722FBE}.Debug|x86.Build.0 = Debug|Win32
		{3BE0FB7B-B9E6-485A-AE24-D0A654722FBE}.Release|x64.ActiveCfg = Release|x64
		{3BE0FB7B-B9E6-485A-AE24-D0A654722FBE}.Release|x64.Build.0 = Release|x64
		{3BE0FB7B-B9E6-485A-AE24-D0A654722FBE}.Release|x86.ActiveCfg = Release|Win32
		{3BE0FB7B-B9E6-485A-AE24-D0A654722FBE}.Release|x86.Build.0 = Release|Win32
		{AA55E0C4-B7D6-46C8-80B0-87A668B35C9B}.Debug|x64.ActiveCfg = Debug|x64
		{AA55E0C4-B7D6-46C8-80B0-87A668B35C9B}.Debug|x64.Build.0 = Debug|x64
		{AA55E0C4-B7D6-46C8-80B0-87A668B35C9B}.Debug|x86.ActiveCfg = Debug|Win32
		{AA55E0C4-B7D6-46C8-80B0-87A668B35C9B}.Debug|x86.Build.0 = Debug|Win32
		{AA55E0C4-B7D6-46C8-80B0-87A668B35C9B}.Release|x64.ActiveCfg = Release|x64
		{AA55E0C4-B7D6-46C8-80B0-87A668B35C9B}.Release|x64.Build.0 = Release|x64
		{AA55E0C4-B7D6-46C8-80B0-87A668B35C9B}.Release|x86.ActiveCfg = Release|Win32
		{AA55E0C4-B7D6-46C8-80B0-87A668B35C9B}.Release|x86.Build.0 = Release|Win32
		{B1EB6C04-CEFD-48C0-9D6F-BD64AFFFD909}.Debug|x64.ActiveCfg = Debug|x64
		{B1EB6C04-CEFD-48C0-9D6F-BD64AFFFD909}.Debug|x64.Build.0 = Debug|x64
		{B1EB6C04-CEFD-48C0-9D6F-BD64AFFFD909}.Debug|x86.ActiveCfg = Debug|Win32
		{B1EB6C04-CEFD-48C0-9D6F-BD64AFFFD909}.Debug|x86.Build.0 = Debug|Win32
		{B1EB6C04-CEFD-48C0-9D6F-BD64AFFFD909}.Release|x64.ActiveCfg = Release|x64
		{B1EB6C04-CEFD-48C0-9D6F-BD64AFFFD909}.Release|x64.Build.0 = Release|x64
		{B1EB6C04-CEFD-48C0-9D6F-BD64AFFFD909}.Release|x86.ActiveCfg = Release|Win32
		{B1EB6C04-CEFD-48C0-9D6F-BD64AFFFD909}.Release|x86.Build.0 = Release|Win32
		{0AAE276E-2DF2-4362-BBD2-AEF35A17AA86}.Debug|x64.ActiveCfg = Debug|x64
		{0AAE276E-2DF2-4362-BBD2-AEF35A17AA86}.Debug|x64.Build.0 = Debug|x64
		{0AAE276E-2DF2-4362-BBD2-AEF35A17AA86}.Debug|x86.ActiveCfg = Debug|Win32
		{0AAE276E-2DF2-4362-BBD2-AEF35A17AA86}.Debug|x86.Build.0 = Debug|Win32
		{0AAE276E-2DF2-4362-BBD2-AEF35A17AA86}.Release|x64.ActiveCfg = Release|x64
		{0AAE276E-2DF2-4362-BBD2-AEF35A17AA86}.Release|x64.Build.0 = Release|x64
		{0AAE276E-2DF2-4362-BBD2-AEF35A17AA86}.Release|x86.ActiveCfg = Release|Win32
		{0AAE276E-2DF2-4362-BBD2-AEF35A17AA86}.Release|x86.Build.0 = Release|Win32
		{82CD443B-4621-45D5-82AC-BB3380C4F769}.Debug|x64.ActiveCfg = Debug|x64
		{82CD443B-4621-45D5-82AC-BB3380C4F769}.Debug|x64.Build.0 = Debug|x64
		{82CD443B-4621-45D5-82AC-BB3380C4F769}.Debug|x86.ActiveCfg = Debug|Win32
		{82CD443B-4621-45D5-82AC-BB3380C4F769}.Debug|x86.Build.0 = Debug|Win32
		{82CD443B-4621-45D5-82AC-BB3380C4F769}.Release|x64.ActiveCfg = Release|x64
		{82CD443B-4621-45D5-82AC-BB3380C4F769}.Release|x64.Build.0 = Release|x64
		{82CD443B-4621-45D5-82AC-BB3380C4F769}.Release|x86.ActiveCfg = Release|Win32
		{82CD443B-4621-45D5-82AC-BB3380C4F769}.Release|x86.Build.0 = Release|Win32
		{2D069A92-FA45-482C-8B6A-710D1D659249}.Debug|x64.ActiveCfg = Debug|x64
		{2D069A92-FA45-482C-8B6A-710D1D659249}.Debug|x64.Build.0 = Debug|x64
		{2D069A92-FA45-482C-8B6A-710D1D659249}.Debug|x86.ActiveCfg = Debug|Win32
		{2D069A92-FA45-482C-8B6A-710D1D659249}.Debug|x86.Build.0 = Debug|Win32
		{2D069A92-FA45-482C-8B6A-710D1D659249}.Release|x64.ActiveCfg = Release|x64
		{2D069A92-FA45-482C-8B6A-710D1D659249}.Release|x64.Build.0 = Release|x64
		{2D069A92-FA45-482C-8B6A-710D1D659249}.Release|x86.ActiveCfg = Release|Win32
		{2D069A92-FA45-482C-8B6A-710D1D659249}.Release|x86.Build.0 = Release|Win32
		{A99FB85A-3007-443D-91E2-C046C5481EE9}.Debug|x64.ActiveCfg = Debug|x64
		{A99FB85A-3007-443D-91E2-C046C5481EE9}.Debug|x64.Build.0 = Debug|x64
		{A99FB85A-3007-443D-91E2-C046C5481EE9}.Debug|x86.ActiveCfg = Debug|Win32
		{A99FB85A-3007-443D-91E2-C046C5481EE9}.Debug|x86.Build.0 = Debug|Win32
		{A99FB85A-3007-443D-91E2-C046C5481EE9}.Release|x64.ActiveCfg = Release|x64
		{A99FB85A-3007-443D-91E2-C046C5481EE9}.Release|x64.Build.0 = Release|x64
		{A99FB85A-3007-443D-91E2-C046C5481EE9}.Release|x86.ActiveCfg = Release|Win32
		{A99FB85A-3007-443D-91E2-C046C5481EE9}.Release|x86.Build.0 = Release|Win32
		{D1225FF2-C284-4B2F-A78A-7B3055FEEF56}.Debug|x64.ActiveCfg = Debug|x64
		{D1225FF2-C284-4B2F-A78A-7B3055FEEF56}.Debug|x64.Build.0 = Debug|x64
		{D1225FF2-C284-4B2F-A78A-7B3055FEEF56}.Debug|x86.ActiveCfg = Debug|Win32
		{D1225FF2-C284-4B2F-A78A-7B3055FEEF56}.Debug|x86.Build.0 = Debug|Win32
		{D1225FF2-C284-4B2F-A78A-7B3055FEEF56}.Release|x64.ActiveCfg = Release|x64
		{D1225FF2-C284-4B2F-A78A-7B3055FEEF56}.Release|x64.Build.0 = Release|x64
		{D1225FF2-C284-4B2F-A78A-7B3055FEEF56}.Release|x86.ActiveCfg = Release|Win32
		{D1225FF2-C284-4B2F-A78A-7B3055FEEF56}.Release|x86.Build.0 = Release|Win32
		{4B32D807-964F-471D-8DE4-D5AC5E03CA82}.Debug|x64.ActiveCfg = Debug|x64
		{4B32D807-964F-471D-8DE4-D5AC5E03CA82}.Debug|x64.Build.0 = Debug|x64
		{4B32D807-964F-471D-8DE4-D5AC5E03CA82}.Debug|x86.ActiveCfg = Debug|Win32
		{4B32D807-964F-471D-8DE4-D5AC5E03CA82}.Debug|x86.Build.0 = Debug|Win32
		{4B32D807-964F-471D-8DE4-D5AC5E03CA82}.Release|x64.ActiveCfg = Release|x64
		{4B32D807-964F-471D-8DE4-D5AC5E03CA82}.Release|x64.Build.0 = Release|x64
		{4B32D807-964F-471D-8DE4-D5AC5E03CA82}.Release|x86.ActiveCfg = Release|Win32
		{4B32D807-964F-471D-8DE4-D5AC5E03CA82}.Release|x86.Build.0 = Release|Win32
		{40667C5D-570B-436C-8F03-F624EC06BA8A}.Debug|x64.ActiveCfg = Debug|x64
		{40667C5D-570B-436C-8F03-F624EC06BA8A}.Debug|x64.Build.0 = Debug|x64
		{40667C5D-570B-436C-8F03-F624EC06BA8A}.Debug|x86.ActiveCfg = Debug|Win32
		{40667C5D-570B-436C-8F03-F624EC06BA8A}.Debug|x86.Build.0 = Debug|Win32
		{40667C5D-570B-436C-8F03-F624EC06BA8A}.Release|x64.ActiveCfg = Release|x64
		{40667C5D-570B-436C-8F03-F624EC06BA8A}.Release|x64.Build.0 = Release|x64
		{40667C5D-570B-436C-8F03-F624EC06BA8A}.Release|x86.ActiveCfg = Release|Win32
		{40667C5D-570B-436C-8F03-F624EC06BA8A}.Release|x86.Build.0 = Release|Win32
		{8ED1BB79-0966-4E4C-9511-926E7654A30F}.Debug|x64.ActiveCfg = Debug|x64
		{8ED1BB79-0966-4E4C-9511-926E7654A30F}.Debug|x64.Build.0 = Debug|x64
		{8ED1BB79-0966-4E4C-9511-926E7654A30F}.Debug|x86.ActiveCfg = Debug|Win32
		{8ED1BB79-0966-4E4C-9511-926E7654A30F}.Debug|x86.Build.0 = Debug|Win32
		{8ED1BB79-0966-4E4C-9511-926E7654A30F}.Release|x64.ActiveCfg = Release|x64
		{8ED1BB79-0966-4E4C-9511-926E7654A30F}.Release|x64.Build.0 = Release|x64
		{8ED1BB79-0966-4E4C-9511-926E7654A30F}.Release|x86.ActiveCfg = Release|Win32
		{8ED1BB79-0966-4E4C-9511-926E7654A30F}.Release|x86.Build.0 = Release|Win32
		{FE4595FC-E41F-468D-8C37-8F62DC86F1F9}.Debug|x64.ActiveCfg = Debug|x64
		{FE4595FC-E41F-468D-8C37-8F62DC86F1F9}.Debug|x64.Build.0 = Debug|x64
		{FE4595FC-E41F-468D-8C37-8F62DC86F1F9}.Debug|x86.ActiveCfg = Debug|Win32
		{FE4595FC-E41F-468D-8C37-8F62DC86F1F9}.Debug|x86.Build.0 = Debug|Win32
		{FE4595FC-E41F-468D-8C37-8F62DC86F1F9}.Release|x64.ActiveCfg = Release|x64
		{FE4595FC-E41F-468D-8C37-8F62DC86F1F9}.Release|x64.Build.0 = Release|x64
		{FE4595FC-E41F-468D-8C37-8F62DC86F1F9}.Release|x86.ActiveCfg = Release|Win32
		{FE4595FC-E41F-468D-8C37-8F62DC86F1F9}.Release|x86.Build.0 = Release|Win32
		{1B1FE296-3A37-4D7B-84A5-89A290FAD127}.Debug|x64.ActiveCfg = Debug|x64
		{1B1FE296-3A37-4D7B-84A5-89A290FAD127}.Debug|x64.Build.0 = Debug|x64
		{1B1FE296-3A37-4D7B-84A5-89A290FAD127}.Debug|x86.ActiveCfg = Debug|Win32
		{1B1FE296-3A37-4D7B-84A5-89A290FAD127}.Debug|x86.Build.0 = Debug|Win32
		{1B1FE296-3A37-4D7B-84A5-89A290FAD127}.Release|x64.ActiveCfg = Release|x64
		{1B1FE296-3A37-4D7B-84A5-89A290FAD127}.Release|x64.Build.0 = Release|x64
		{1B1FE296-3A37-4D7B-84A5-89A290FAD127}.Release|x86.ActiveCfg = Release|Win32
		{1B1FE296-3A37-4D7B-84A5-89A290FAD127}.Release|x86.Build.0 = Release|Win32
		{193FF060-B5F8-49D1-A740-47AB689BB9B4}.Debug|x64.ActiveCfg = Debug|x64
		{193FF060-B5F8-49D1-A740-47AB689BB9B4}.Debug|x64.Build.0 = Debug|x64
		{193FF060-B5F8-49D1-A740-47AB689BB9B4}.Debug|x86.ActiveCfg = Debug|Win32
		{193FF060-B5F8-49D1-A740-47AB689BB9B4}.Debug|x86.Build.0 = Debug|Win32
		{193FF060-B5F8-49D1-A740-47AB689BB9B4}.Release|x64.ActiveCfg = Release|x64
		{193FF060-B5F8-49D1-A740-47AB689BB9B4}.Release|x64.Build.0 = Release|x64
		{193FF060-B5F8-49D1-A740-47AB689BB9B4}.Release|x86.ActiveCfg = Release|Win32
		{193FF060-B5F8-49D1-A740-47AB689BB9B4}.Release|x86.Build.0 = Release|Win32
		{82A1101E-6E4C-406C-A979-30A4AA56C50A}.Debug|x64.ActiveCfg = Debug|x64
		{82A1101E-6E4C-406C-A979-30A4AA56C50A}.Debug|x64.Build.0 = Debug|x64
		{82A1101E-6E4C-406C-A979-30A4AA56C50A}.Debug|x86.ActiveCfg = Debug|Win32
		{82A1101E-6E4C-406C-A979-30A4AA56C50A}.Debug|x86.Build.0 = Debug|Win32
		{82A1101E-6E4C-406C-A979-30A4AA56C50A}.Release|x64.ActiveCfg = Release|x64
		{82A1101E-6E4C-406C-A979-30A4AA56C50A}.Release|x64.Build.0 = Release|x64
		{82A1101E-6E4C-406C-A979-30A4AA56C50A}.Release|x86.ActiveCfg = Release|Win32
		{82A1101E-6E4C-406C-A979-30A4AA56C50A}.Release|x86.Build.0 = Release|Win32
		{1B404965-F62A-4909-8F0D-43D973B868AD}.Debug|x64.ActiveCfg = Debug|x64
		{1B404965-F62A-4909-8F0D-43D973B868AD}.Debug|x64.Build.0 = Debug|x64
		{1B404965-F62A-4909-8F0D-43D973B868AD}.Debug|x86.ActiveCfg = Debug|Win32
		{1B404965-F62A-4909-8F0D-43D973B868AD}.Debug|x86.Build.0 = Debug|Win32
		{1B404965-F62A-4909-8F0D-43D973B868AD}.Release|x64.ActiveCfg = Release|x64
		{1B404965-F62A-4909-8F0D-43D973B868AD}.Release|x64.Build.0 = Release|x64
		{1B404965-F62A-4909-8F0D-43D973B868AD}.Release|x86.ActiveCfg = Release|Win32
		{1B404965-F62A-4909-8F0D-43D973B868AD}.Release|x86.Build.0 = Release|Win32
		{40B1C0A4-001C-46A0-A5B9-69497FC6136F}.Debug|x64.ActiveCfg = Debug|x64
		{40B1C0A4-001C-46A0-A5B9-69497FC6136F}.Debug|x64.Build.0 = Debug|x64
		{40B1C0A4-001C-46A0-A5B9-69497FC6136F}.Debug|x86.ActiveCfg = Debug|Win32
		{40B1C0A4-001C-46A0-A5B9-69497FC6136F}.Debug|x86.Build.0 = Debug|Win32
		{40B1C0A4-001C-46A0-A5B9-69497FC6136F}.Release|x64.ActiveCfg = Release|x64
		{40B1C0A4-001C-46A0-A5B9-69497FC6136F}.Release|x64.Build.0 = Release|x64
		{40B1C0A4-001C-46A0-A5B9-69497FC6136F}.Release|x86.ActiveCfg = Release|Win32
		{40B1C0A4-001C-46A0-A5B9-69497FC6136F}.Release|x86.Build.0 = Release|Win32
		{D1B04C38-90C1-43A8-B380-036AEA6F1368}.Debug|x64.ActiveCfg = Debug|x64
		{D1B04C38-90C1-43A8-B380-036AEA6F1368}.Debug|x64.Build.0 = Debug|x64
		{D1B04C38-90C1-43A8-B380-036AEA6F1368}.Debug|x86.ActiveCfg = Debug|Win32
		{D1B04C38-90C1-43A8-B380-036AEA6F1368}.Debug|x86.Build.0 = Debug|Win32
		{D1B04C38-90C1-43A8-B380-036AEA6F1368}.Release|x64.ActiveCfg = Release|x64
		{D1B04C38-90C1-43A8-B380-036AEA6F1368}.Release|x64.Build.0 = Release|x64
		{D1B04C38-90C1-43A8-B380-036AEA6F1368}.Release|x86.ActiveCfg = Release|Win32
		{D1B04C38-90C1-43A8-B380-036AEA6F1368}.Release|x86.Build.0 = Release|Win32
		{80683B04-DE6F-4C55-A67D-2684B1D5B739}.Debug|x64.ActiveCfg = Debug|x64
		{80683B04-DE6F-4C55-A67D-2684B1D5B739}.Debug|x64.Build.0 = Debug|x64
		{80683B04-DE6F-4C55-A67D-2684B1D5B739}.Debug|x86.ActiveCfg = Debug|Win32
		{80683B04-DE6F-4C55-A67D-2684B1D5B739}.Debug|x86.Build.0 = Debug|Win32
		{80683B04-DE6F-4C55-A67D-2684B1D5B739}.Release|x64.ActiveCfg = Release|x64
		{80683B04-DE6F-4C55-A67D-2684B1D5B739}.Release|x64.Build.0 = Release|x64
		{80683B04-DE6F-4C55-A67D-2684B1D5B739}.Release|x86.ActiveCfg = Release|Win32
		{80683B04-DE6F-4C55-A67D-2684B1D5B739}.Release|x86.Build.0 = Release|Win32
		{F0F827E5-21CA-4662-8A38-BFAD15C074B8}.Debug|x64.ActiveCfg = Debug|x64
		{F0F827E5-21CA-4662-8A38-BFAD15C074B8}.Debug|x64.Build.0 = Debug|x64
		{F0F827E5-21CA-4662-8A38-BFAD15C074B8}.Debug|x86.ActiveCfg = Debug|Win32
		{F0F827E5-21CA-4662-8A38-BFAD15C074B8}.Debug|x86.Build.0 = Debug|Win32
		{F0F827E5-21CA-4662-8A38-BFAD15C074B8}.Release|x64.ActiveCfg = Release|x64
		{F0F827E5-21CA-4662-8A38-BFAD15C074B8}.Release|x64.Build.0 = Release|x64
		{F0F827E5-21CA-4662-8A38-BFAD15C074B8}.Release|x86.ActiveCfg = Release|Win32
		{F0F827E5-21CA-4662-8A38-BFAD15C074B8}.Release|x86.Build.0 = Release|Win32
		{31CEB947-5F68-494C-8823-6A868EDD5733}.Debug|x64.ActiveCfg = Debug|x64
		{31CEB947-5F68-494C-8823-6A868EDD5733}.Debug|x64.Build.0 = Debug|x64
		{31CEB947-5F68-494C-8823-6A868EDD5733}.Debug|x86.ActiveCfg = Debug|Win32
		{31CEB947-5F68-494C-8823-6A868EDD5733}.Debug|x86.Build.0 = Debug|Win32
		{31CEB947-5F68-494C-8823-6A868EDD5733}.Release|x64.ActiveCfg = Release|x64
		{31CEB947-5F68-494C-8823-6A868EDD5733}.Release|x64.Build.0 = Release|x64
		{31CEB947-5F68-494C-8823-6A868EDD5733}.Release|x86.ActiveCfg = Release|Win32
		{31CEB947-5F68-494C-8823-6A868EDD5733}.Release|x86.Build.0 = Release|Win32
		{35A203BC-FCF3-40CF-BD4D-1628E48155D1}.Debug|x64.ActiveCfg = Debug|x64
		{35A203BC-FCF3-40CF-BD4D-1628E48155D1}.Debug|x64.Build.0 = Debug|x64
		{35A203BC-FCF3-40CF-BD4D-1628E48155D1}.Debug|x86.ActiveCfg = Debug|Win32
		{35A203BC-FCF3-40CF-BD4D-1628E48155D1}.Debug|x86.Build.0 = Debug|Win32
		{35A203BC-FCF3-40CF-BD4D-1628E48155D1}.Release|x64.ActiveCfg = Release|x64
		{35A203BC-FCF3-40CF-BD4D-1628E48155D1}.Release|x64.Build.0 = Release|x64
		{35A203BC-FCF3-40CF-BD4D-1628E48155D1}.Release|x86.ActiveCfg = Release|Win32
		{35A203BC-FCF3-40CF-BD4D-1628E48155D1}.Release|x86.Build.0 = Release|Win32
		{DD9CDB48-8149-46A9-A660-452A35CE658E}.Debug|x64.ActiveCfg = Debug|x64
		{DD9CDB48-8149-46A9-A660-452A35CE658E}.Debug|x64.Build.0 = Debug|x64
		{DD9CDB48-8149-46A9-A660-452A35CE658E}.Debug|x86.ActiveCfg = Debug|Win32
		{DD9CDB48-8149-46A9-A660-452A35CE658E}.Debug|x86.Build.0 = Debug|Win32
		{DD9CDB48-8149-46A9-A660-452A35CE658E}.Release|x64.ActiveCfg = Release|x64
		{DD9CDB48-8149-46A9-A660-452A35CE658E}.Release|x64.Build.0 = Release|x64
		{DD9CDB48-8149-46A9-A660-452A35CE658E}.Release|x86.ActiveCfg = Release|Win32
		{DD9CDB48-8149-46A9-A660-452A35CE658E}.Release|x86.Build.0 = Release|Win32
		{3BBC74B5-AEF7-41C7-A07E-786F97158085}.Debug|x64.ActiveCfg = Debug|x64
		{3BBC74B5-AEF7-41C7-A07E-786F97158085}.Debug|x64.Build.0 = Debug|x64
		{3BBC74B5-AEF7-41C7-A07E-786F97158085}.Debug|x86.ActiveCfg = Debug|Win32
		{3BBC74B5-AEF7-41C7-A07E-786F97158085}.Debug|x86.Build.0 = Debug|Win32
		{3BBC74B5-AEF7-41C7-A07E-786F97158085}.Release|x64.ActiveCfg = Release|x64
		{3BBC74B5-AEF7-41C7-A07E-786F97158085}.Release|x64.Build.0 = Release|x64
		{3BBC74B5-AEF7-41C7-A07E-786F97158085}.Release|x86.ActiveCfg = Release|Win32
		{3BBC74B5-AEF7-41C7-A07E-786F97158085}.Release|x86.Build.0 = Release|Win32
	EndGlobalSection
	GlobalSection(SolutionProperties) = preSolution
		HideSolutionNode = FALSE
	EndGlobalSection
	GlobalSection(ExtensibilityGlobals) = postSolution
		SolutionGuid = {2BE5210F-9FDC-40EC-8CF3-CA86AD68E9CE}
	EndGlobalSection
EndGlobal
